
Microsoft Visual Studio Solution File, Format Version 12.00
# Visual Studio Version 16
VisualStudioVersion = 16.0.30114.105
MinimumVisualStudioVersion = 10.0.40219.1
Project("{9A19103F-16F7-4668-BE54-9A1E7A4F7556}") = "POC-Rest", "POC-Rest\POC-Rest.csproj", "{F05458E4-BB4B-473B-B3AA-3A527E0EC9BE}"
EndProject
Project("{FAE04EC0-301F-11D3-BF4B-00C04F79EFBC}") = "POC-RestTests", "POC-RestTests\POC-RestTests.csproj", "{8BACF7BB-C30C-4E7E-BAC0-F35855610E91}"
EndProject
Global
	GlobalSection(SolutionConfigurationPlatforms) = preSolution
		Debug|Any CPU = Debug|Any CPU
		Debug|x64 = Debug|x64
		Debug|x86 = Debug|x86
		Release|Any CPU = Release|Any CPU
		Release|x64 = Release|x64
		Release|x86 = Release|x86
	EndGlobalSection
	GlobalSection(ProjectConfigurationPlatforms) = postSolution
		{F05458E4-BB4B-473B-B3AA-3A527E0EC9BE}.Debug|Any CPU.ActiveCfg = Debug|Any CPU
		{F05458E4-BB4B-473B-B3AA-3A527E0EC9BE}.Debug|Any CPU.Build.0 = Debug|Any CPU
		{F05458E4-BB4B-473B-B3AA-3A527E0EC9BE}.Debug|x64.ActiveCfg = Debug|Any CPU
		{F05458E4-BB4B-473B-B3AA-3A527E0EC9BE}.Debug|x64.Build.0 = Debug|Any CPU
		{F05458E4-BB4B-473B-B3AA-3A527E0EC9BE}.Debug|x86.ActiveCfg = Debug|Any CPU
		{F05458E4-BB4B-473B-B3AA-3A527E0EC9BE}.Debug|x86.Build.0 = Debug|Any CPU
		{F05458E4-BB4B-473B-B3AA-3A527E0EC9BE}.Release|Any CPU.ActiveCfg = Release|Any CPU
		{F05458E4-BB4B-473B-B3AA-3A527E0EC9BE}.Release|Any CPU.Build.0 = Release|Any CPU
		{F05458E4-BB4B-473B-B3AA-3A527E0EC9BE}.Release|x64.ActiveCfg = Release|Any CPU
		{F05458E4-BB4B-473B-B3AA-3A527E0EC9BE}.Release|x64.Build.0 = Release|Any CPU
		{F05458E4-BB4B-473B-B3AA-3A527E0EC9BE}.Release|x86.ActiveCfg = Release|Any CPU
		{F05458E4-BB4B-473B-B3AA-3A527E0EC9BE}.Release|x86.Build.0 = Release|Any CPU
		{8BACF7BB-C30C-4E7E-BAC0-F35855610E91}.Debug|Any CPU.ActiveCfg = Debug|Any CPU
		{8BACF7BB-C30C-4E7E-BAC0-F35855610E91}.Debug|Any CPU.Build.0 = Debug|Any CPU
		{8BACF7BB-C30C-4E7E-BAC0-F35855610E91}.Debug|x64.ActiveCfg = Debug|Any CPU
		{8BACF7BB-C30C-4E7E-BAC0-F35855610E91}.Debug|x64.Build.0 = Debug|Any CPU
		{8BACF7BB-C30C-4E7E-BAC0-F35855610E91}.Debug|x86.ActiveCfg = Debug|Any CPU
		{8BACF7BB-C30C-4E7E-BAC0-F35855610E91}.Debug|x86.Build.0 = Debug|Any CPU
		{8BACF7BB-C30C-4E7E-BAC0-F35855610E91}.Release|Any CPU.ActiveCfg = Release|Any CPU
		{8BACF7BB-C30C-4E7E-BAC0-F35855610E91}.Release|Any CPU.Build.0 = Release|Any CPU
		{8BACF7BB-C30C-4E7E-BAC0-F35855610E91}.Release|x64.ActiveCfg = Release|Any CPU
		{8BACF7BB-C30C-4E7E-BAC0-F35855610E91}.Release|x64.Build.0 = Release|Any CPU
		{8BACF7BB-C30C-4E7E-BAC0-F35855610E91}.Release|x86.ActiveCfg = Release|Any CPU
		{8BACF7BB-C30C-4E7E-BAC0-F35855610E91}.Release|x86.Build.0 = Release|Any CPU
	EndGlobalSection
	GlobalSection(SolutionProperties) = preSolution
		HideSolutionNode = FALSE
	EndGlobalSection
	GlobalSection(ExtensibilityGlobals) = postSolution
		SolutionGuid = {2544C5CE-FD27-47FD-A948-7BD64919B959}
	EndGlobalSection
EndGlobal
